
Microsoft Visual Studio Solution File, Format Version 12.00
# Visual Studio Version 16
VisualStudioVersion = 16.0.31025.194
MinimumVisualStudioVersion = 10.0.40219.1
Project("{9A19103F-16F7-4668-BE54-9A1E7A4F7556}") = "DroneDeliveryService.UserInterface", "DroneDeliveryService.UserInterface\DroneDeliveryService.UserInterface.csproj", "{D56FAB08-6A50-4AD8-93D3-D879F88DF251}"
EndProject
Project("{FAE04EC0-301F-11D3-BF4B-00C04F79EFBC}") = "DroneDeliveryService.Domain", "DroneDeliveryService.Domain\DroneDeliveryService.Domain.csproj", "{C8AF860D-7C65-400D-BA67-3538A3BDF5B3}"
EndProject
Global
	GlobalSection(SolutionConfigurationPlatforms) = preSolution
		Debug|Any CPU = Debug|Any CPU
		Release|Any CPU = Release|Any CPU
	EndGlobalSection
	GlobalSection(ProjectConfigurationPlatforms) = postSolution
		{D56FAB08-6A50-4AD8-93D3-D879F88DF251}.Debug|Any CPU.ActiveCfg = Debug|Any CPU
		{D56FAB08-6A50-4AD8-93D3-D879F88DF251}.Debug|Any CPU.Build.0 = Debug|Any CPU
		{D56FAB08-6A50-4AD8-93D3-D879F88DF251}.Release|Any CPU.ActiveCfg = Release|Any CPU
		{D56FAB08-6A50-4AD8-93D3-D879F88DF251}.Release|Any CPU.Build.0 = Release|Any CPU
		{C8AF860D-7C65-400D-BA67-3538A3BDF5B3}.Debug|Any CPU.ActiveCfg = Debug|Any CPU
		{C8AF860D-7C65-400D-BA67-3538A3BDF5B3}.Debug|Any CPU.Build.0 = Debug|Any CPU
		{C8AF860D-7C65-400D-BA67-3538A3BDF5B3}.Release|Any CPU.ActiveCfg = Release|Any CPU
		{C8AF860D-7C65-400D-BA67-3538A3BDF5B3}.Release|Any CPU.Build.0 = Release|Any CPU
	EndGlobalSection
	GlobalSection(SolutionProperties) = preSolution
		HideSolutionNode = FALSE
	EndGlobalSection
	GlobalSection(ExtensibilityGlobals) = postSolution
		SolutionGuid = {BCF6ED7C-6DCA-492B-B450-A5542B67B8CD}
	EndGlobalSection
EndGlobal
